hash: 7d0320f50df693a6c3d9be76ed2a118030df32b8df2ef7e10da946377aab6262
updated: 2016-10-07T18:14:31.270594636-05:00
imports:
- name: github.com/hashicorp/consul
  version: a189091a3530051285c12c726ca28ea55e015336
  subpackages:
  - api
- name: github.com/hashicorp/go-cleanhttp
  version: 875fb671b3ddc66f8e2f0acc33829c8cb989a38d
- name: github.com/hashicorp/serf
  version: e4ec8cc423bbe20d26584b96efbeb9102e16d05f
  subpackages:
  - coordinate
testImports: []
